
Microsoft Visual Studio Solution File, Format Version 12.00
# Visual Studio Version 16
VisualStudioVersion = 16.0.29728.190
MinimumVisualStudioVersion = 10.0.40219.1
Project("{9A19103F-16F7-4668-BE54-9A1E7A4F7556}") = "HackerRank", "HackerRank\HackerRank.csproj", "{7E8A1DCA-F158-4CD6-B8B4-059A9720419E}"
EndProject
Project("{9A19103F-16F7-4668-BE54-9A1E7A4F7556}") = "Codility", "Codility\Codility.csproj", "{80F09416-5BC3-490D-8ABC-8D1F380C934B}"
EndProject
Project("{9A19103F-16F7-4668-BE54-9A1E7A4F7556}") = "Coderbyte", "Coderbyte\Coderbyte.csproj", "{F04AE0C0-19F5-4CDA-BCBC-28E0469574F7}"
EndProject
Project("{FAE04EC0-301F-11D3-BF4B-00C04F79EFBC}") = "Other", "Other\Other.csproj", "{7D848DF9-5E86-444B-909B-0758070E4812}"
EndProject
Global
	GlobalSection(SolutionConfigurationPlatforms) = preSolution
		Debug|Any CPU = Debug|Any CPU
		Release|Any CPU = Release|Any CPU
	EndGlobalSection
	GlobalSection(ProjectConfigurationPlatforms) = postSolution
		{7E8A1DCA-F158-4CD6-B8B4-059A9720419E}.Debug|Any CPU.ActiveCfg = Debug|Any CPU
		{7E8A1DCA-F158-4CD6-B8B4-059A9720419E}.Debug|Any CPU.Build.0 = Debug|Any CPU
		{7E8A1DCA-F158-4CD6-B8B4-059A9720419E}.Release|Any CPU.ActiveCfg = Release|Any CPU
		{7E8A1DCA-F158-4CD6-B8B4-059A9720419E}.Release|Any CPU.Build.0 = Release|Any CPU
		{80F09416-5BC3-490D-8ABC-8D1F380C934B}.Debug|Any CPU.ActiveCfg = Debug|Any CPU
		{80F09416-5BC3-490D-8ABC-8D1F380C934B}.Debug|Any CPU.Build.0 = Debug|Any CPU
		{80F09416-5BC3-490D-8ABC-8D1F380C934B}.Release|Any CPU.ActiveCfg = Release|Any CPU
		{80F09416-5BC3-490D-8ABC-8D1F380C934B}.Release|Any CPU.Build.0 = Release|Any CPU
		{F04AE0C0-19F5-4CDA-BCBC-28E0469574F7}.Debug|Any CPU.ActiveCfg = Debug|Any CPU
		{F04AE0C0-19F5-4CDA-BCBC-28E0469574F7}.Debug|Any CPU.Build.0 = Debug|Any CPU
		{F04AE0C0-19F5-4CDA-BCBC-28E0469574F7}.Release|Any CPU.ActiveCfg = Release|Any CPU
		{F04AE0C0-19F5-4CDA-BCBC-28E0469574F7}.Release|Any CPU.Build.0 = Release|Any CPU
		{7D848DF9-5E86-444B-909B-0758070E4812}.Debug|Any CPU.ActiveCfg = Debug|Any CPU
		{7D848DF9-5E86-444B-909B-0758070E4812}.Debug|Any CPU.Build.0 = Debug|Any CPU
		{7D848DF9-5E86-444B-909B-0758070E4812}.Release|Any CPU.ActiveCfg = Release|Any CPU
		{7D848DF9-5E86-444B-909B-0758070E4812}.Release|Any CPU.Build.0 = Release|Any CPU
	EndGlobalSection
	GlobalSection(SolutionProperties) = preSolution
		HideSolutionNode = FALSE
	EndGlobalSection
	GlobalSection(ExtensibilityGlobals) = postSolution
		SolutionGuid = {70EF15AE-2DAC-4883-8BC2-A69A9315CA1C}
	EndGlobalSection
EndGlobal
